{
  "nodes": {
    "contracts-main": {
      "inputs": {
        "flakeNimbleLib": [
          "flakeNimbleLib"
        ],
        "nixpkgs": [
          "nixpkgs"
        ],
        "src-contracts-main": "src-contracts-main"
      },
      "locked": {
        "dir": "main",
        "lastModified": 1665580806,
        "narHash": "sha256-idhotW4m6YEghXvwuS+Qsob/7OiyaQR7EeS1U3Sq3kg=",
        "owner": "nim-nix-pkgs",
        "repo": "contracts",
        "rev": "cd12ed23d046d795bce8a3fb22782cad13131a0b",
        "type": "github"
      },
      "original": {
        "dir": "main",
        "owner": "nim-nix-pkgs",
        "ref": "master",
        "repo": "contracts",
        "type": "github"
      }
    },
    "flakeNimbleLib": {
      "inputs": {
        "nixpkgs": [
          "nixpkgs"
        ]
      },
      "locked": {
        "lastModified": 1662018438,
        "narHash": "sha256-QtNtU6+LX3Wokxf0zlFwKTFOcn6TeDjKQZ+DA9OYtvM=",
        "owner": "riinr",
        "repo": "nim-flakes-lib",
        "rev": "b1fe8340736e3a85d25c709ac3dfd82a55c03cbf",
        "type": "github"
      },
      "original": {
        "owner": "riinr",
        "ref": "master",
        "repo": "nim-flakes-lib",
        "type": "github"
      }
    },
    "nixpkgs": {
      "locked": {
        "lastModified": 1667110639,
        "narHash": "sha256-4FbPESZ5LbqQxkJJJBAfk/zKgF9h/4kyUwjjpJwYlbc=",
        "owner": "NixOS",
        "repo": "nixpkgs",
        "rev": "f38a1f04d1bec1feb61fd101a0539ae2002a7087",
        "type": "github"
      },
      "original": {
        "id": "nixpkgs",
        "type": "indirect"
      }
    },
    "root": {
      "inputs": {
        "contracts-main": "contracts-main",
        "flakeNimbleLib": "flakeNimbleLib",
        "nixpkgs": "nixpkgs"
      }
    },
    "src-contracts-main": {
      "flake": false,
      "locked": {
        "lastModified": 1630711146,
        "narHash": "sha256-xPqfrbnFM8e31c/kSuYDDi2Zd56U2b+NkaFjUK/HhFQ=",
        "owner": "Udiknedormin",
        "repo": "NimContracts",
        "rev": "8abc0c372176f7e6361bd7f23ced3adc80fd8cc5",
        "type": "github"
      },
      "original": {
        "owner": "Udiknedormin",
        "ref": "refs/heads/main",
        "repo": "NimContracts",
        "type": "github"
      }
    }
  },
  "root": "root",
  "version": 7
}
